{
  "originHash" : "a899a99b617dba57a2837c16ae0779bc016844a804e6ebbf9ba1602843817366",
  "pins" : [
    {
      "identity" : "masshortcut",
      "kind" : "remoteSourceControl",
      "location" : "https://github.com/shpakovski/MASShortcut",
      "state" : {
        "branch" : "master",
        "revision" : "6f2603c6b6cc18f64a799e5d2c9d3bbc467c413a"
      }
    },
    {
      "identity" : "schedule",
      "kind" : "remoteSourceControl",
      "location" : "https://github.com/luoxiu/Schedule",
      "state" : {
        "revision" : "e388fcab1d870f32c0359a414fda81b8e81b98c9",
        "version" : "2.1.1"
      }
    },
    {
      "identity" : "sparkle",
      "kind" : "remoteSourceControl",
      "location" : "https://github.com/sparkle-project/Sparkle",
      "state" : {
        "revision" : "0ca3004e98712ea2b39dd881d28448630cce1c99",
        "version" : "2.7.0"
      }
    },
    {
      "identity" : "xmlcoder",
      "kind" : "remoteSourceControl",
      "location" : "https://github.com/MaxDesiatov/XMLCoder.git",
      "state" : {
        "revision" : "b1e944cbd0ef33787b13f639a5418d55b3bed501",
        "version" : "0.17.1"
      }
    }
  ],
  "version" : 3
}
